// !$*UTF8*$!
{
	archiveVersion = 1;
	classes = {
	};
	objectVersion = 52;
	objects = {

/* Begin PBXBuildFile section */
		48524FF6249E321300356DE8 /* Nextome.plist in Resources */ = {isa = PBXBuildFile; fileRef = 48524FF5249E321300356DE8 /* Nextome.plist */; };
		487B5EE825E5C82D00B42828 /* FlutterPluginRegistrant.xcframework in Frameworks */ = {isa = PBXBuildFile; fileRef = 487B5EE225E5C82C00B42828 /* FlutterPluginRegistrant.xcframework */; };
		487B5EEE25E5C82F00B42828 /* App.xcframework in Frameworks */ = {isa = PBXBuildFile; fileRef = 487B5EE625E5C82C00B42828 /* App.xcframework */; };
		487B5EEF25E5C82F00B42828 /* App.xcframework in Embed Frameworks */ = {isa = PBXBuildFile; fileRef = 487B5EE625E5C82C00B42828 /* App.xcframework */; settings = {ATTRIBUTES = (CodeSignOnCopy, RemoveHeadersOnCopy, ); }; };
		487B5EF025E5C83100B42828 /* Flutter.xcframework in Frameworks */ = {isa = PBXBuildFile; fileRef = 487B5EE325E5C82C00B42828 /* Flutter.xcframework */; };
		487B5EF125E5C83100B42828 /* Flutter.xcframework in Embed Frameworks */ = {isa = PBXBuildFile; fileRef = 487B5EE325E5C82C00B42828 /* Flutter.xcframework */; settings = {ATTRIBUTES = (CodeSignOnCopy, RemoveHeadersOnCopy, ); }; };
		487B5EF225E5C83300B42828 /* FMDB.xcframework in Frameworks */ = {isa = PBXBuildFile; fileRef = 487B5EE425E5C82C00B42828 /* FMDB.xcframework */; };
		487B5EF325E5C83300B42828 /* FMDB.xcframework in Embed Frameworks */ = {isa = PBXBuildFile; fileRef = 487B5EE425E5C82C00B42828 /* FMDB.xcframework */; settings = {ATTRIBUTES = (CodeSignOnCopy, RemoveHeadersOnCopy, ); }; };
		487B5EF425E5C83400B42828 /* path_provider.xcframework in Frameworks */ = {isa = PBXBuildFile; fileRef = 487B5EE725E5C82D00B42828 /* path_provider.xcframework */; };
		487B5EF525E5C83400B42828 /* path_provider.xcframework in Embed Frameworks */ = {isa = PBXBuildFile; fileRef = 487B5EE725E5C82D00B42828 /* path_provider.xcframework */; settings = {ATTRIBUTES = (CodeSignOnCopy, RemoveHeadersOnCopy, ); }; };
		487B5EF625E5C83500B42828 /* sqflite.xcframework in Frameworks */ = {isa = PBXBuildFile; fileRef = 487B5EE525E5C82C00B42828 /* sqflite.xcframework */; };
		487B5EF725E5C83500B42828 /* sqflite.xcframework in Embed Frameworks */ = {isa = PBXBuildFile; fileRef = 487B5EE525E5C82C00B42828 /* sqflite.xcframework */; settings = {ATTRIBUTES = (CodeSignOnCopy, RemoveHeadersOnCopy, ); }; };
		4880EA92249B91FA0087B67C /* TitilliumWeb-Regular.ttf in Resources */ = {isa = PBXBuildFile; fileRef = 4880EA86249B91FA0087B67C /* TitilliumWeb-Regular.ttf */; };
		4880EA93249B91FA0087B67C /* TitilliumWeb-BoldItalic.ttf in Resources */ = {isa = PBXBuildFile; fileRef = 4880EA87249B91FA0087B67C /* TitilliumWeb-BoldItalic.ttf */; };
		4880EA94249B91FA0087B67C /* OFL.txt in Resources */ = {isa = PBXBuildFile; fileRef = 4880EA88249B91FA0087B67C /* OFL.txt */; };
		4880EA95249B91FA0087B67C /* TitilliumWeb-LightItalic.ttf in Resources */ = {isa = PBXBuildFile; fileRef = 4880EA89249B91FA0087B67C /* TitilliumWeb-LightItalic.ttf */; };
		4880EA96249B91FA0087B67C /* TitilliumWeb-ExtraLightItalic.ttf in Resources */ = {isa = PBXBuildFile; fileRef = 4880EA8A249B91FA0087B67C /* TitilliumWeb-ExtraLightItalic.ttf */; };
		4880EA97249B91FA0087B67C /* TitilliumWeb-ExtraLight.ttf in Resources */ = {isa = PBXBuildFile; fileRef = 4880EA8B249B91FA0087B67C /* TitilliumWeb-ExtraLight.ttf */; };
		4880EA98249B91FA0087B67C /* TitilliumWeb-Italic.ttf in Resources */ = {isa = PBXBuildFile; fileRef = 4880EA8C249B91FA0087B67C /* TitilliumWeb-Italic.ttf */; };
		4880EA99249B91FA0087B67C /* TitilliumWeb-SemiBold.ttf in Resources */ = {isa = PBXBuildFile; fileRef = 4880EA8D249B91FA0087B67C /* TitilliumWeb-SemiBold.ttf */; };
		4880EA9A249B91FA0087B67C /* TitilliumWeb-Black.ttf in Resources */ = {isa = PBXBuildFile; fileRef = 4880EA8E249B91FA0087B67C /* TitilliumWeb-Black.ttf */; };
		4880EA9B249B91FA0087B67C /* TitilliumWeb-Light.ttf in Resources */ = {isa = PBXBuildFile; fileRef = 4880EA8F249B91FA0087B67C /* TitilliumWeb-Light.ttf */; };
		4880EA9C249B91FA0087B67C /* TitilliumWeb-SemiBoldItalic.ttf in Resources */ = {isa = PBXBuildFile; fileRef = 4880EA90249B91FA0087B67C /* TitilliumWeb-SemiBoldItalic.ttf */; };
		4880EA9D249B91FA0087B67C /* TitilliumWeb-Bold.ttf in Resources */ = {isa = PBXBuildFile; fileRef = 4880EA91249B91FA0087B67C /* TitilliumWeb-Bold.ttf */; };
		4880EA9F249B96BF0087B67C /* WelcomeViewController.swift in Sources */ = {isa = PBXBuildFile; fileRef = 4880EA9E249B96BF0087B67C /* WelcomeViewController.swift */; };
		4880EAA3249BA51B0087B67C /* MapViewController.swift in Sources */ = {isa = PBXBuildFile; fileRef = 4880EAA2249BA51B0087B67C /* MapViewController.swift */; };
		48C5478C25AE652800672621 /* SettingsViewController.swift in Sources */ = {isa = PBXBuildFile; fileRef = 48C5478B25AE652800672621 /* SettingsViewController.swift */; };
		48D8C2E5249A3B5900C39BE1 /* AppDelegate.swift in Sources */ = {isa = PBXBuildFile; fileRef = 48D8C2E4249A3B5900C39BE1 /* AppDelegate.swift */; };
		48D8C2E7249A3B5900C39BE1 /* SceneDelegate.swift in Sources */ = {isa = PBXBuildFile; fileRef = 48D8C2E6249A3B5900C39BE1 /* SceneDelegate.swift */; };
		48D8C2EC249A3B5A00C39BE1 /* Main.storyboard in Resources */ = {isa = PBXBuildFile; fileRef = 48D8C2EA249A3B5A00C39BE1 /* Main.storyboard */; };
		48D8C2EE249A3B5B00C39BE1 /* Assets.xcassets in Resources */ = {isa = PBXBuildFile; fileRef = 48D8C2ED249A3B5B00C39BE1 /* Assets.xcassets */; };
		48D8C2F1249A3B5B00C39BE1 /* LaunchScreen.storyboard in Resources */ = {isa = PBXBuildFile; fileRef = 48D8C2EF249A3B5B00C39BE1 /* LaunchScreen.storyboard */; };
/* End PBXBuildFile section */

/* Begin PBXCopyFilesBuildPhase section */
		48C985A625C8B13800472192 /* Embed Frameworks */ = {
			isa = PBXCopyFilesBuildPhase;
			buildActionMask = 2147483647;
			dstPath = "";
			dstSubfolderSpec = 10;
			files = (
				487B5EF325E5C83300B42828 /* FMDB.xcframework in Embed Frameworks */,
				487B5EF125E5C83100B42828 /* Flutter.xcframework in Embed Frameworks */,
				487B5EEF25E5C82F00B42828 /* App.xcframework in Embed Frameworks */,
				487B5EF525E5C83400B42828 /* path_provider.xcframework in Embed Frameworks */,
				487B5EF725E5C83500B42828 /* sqflite.xcframework in Embed Frameworks */,
			);
			name = "Embed Frameworks";
			runOnlyForDeploymentPostprocessing = 0;
		};
/* End PBXCopyFilesBuildPhase section */

/* Begin PBXFileReference section */
		48524FF5249E321300356DE8 /* Nextome.plist */ = {isa = PBXFileReference; fileEncoding = 4; lastKnownFileType = text.plist.xml; path = Nextome.plist; sourceTree = "<group>"; };
		487B5EE225E5C82C00B42828 /* FlutterPluginRegistrant.xcframework */ = {isa = PBXFileReference; lastKnownFileType = wrapper.xcframework; name = FlutterPluginRegistrant.xcframework; path = ios_output/Release/FlutterPluginRegistrant.xcframework; sourceTree = "<group>"; };
		487B5EE325E5C82C00B42828 /* Flutter.xcframework */ = {isa = PBXFileReference; lastKnownFileType = wrapper.xcframework; name = Flutter.xcframework; path = ios_output/Release/Flutter.xcframework; sourceTree = "<group>"; };
		487B5EE425E5C82C00B42828 /* FMDB.xcframework */ = {isa = PBXFileReference; lastKnownFileType = wrapper.xcframework; name = FMDB.xcframework; path = ios_output/Release/FMDB.xcframework; sourceTree = "<group>"; };
		487B5EE525E5C82C00B42828 /* sqflite.xcframework */ = {isa = PBXFileReference; lastKnownFileType = wrapper.xcframework; name = sqflite.xcframework; path = ios_output/Release/sqflite.xcframework; sourceTree = "<group>"; };
		487B5EE625E5C82C00B42828 /* App.xcframework */ = {isa = PBXFileReference; lastKnownFileType = wrapper.xcframework; name = App.xcframework; path = ios_output/Release/App.xcframework; sourceTree = "<group>"; };
		487B5EE725E5C82D00B42828 /* path_provider.xcframework */ = {isa = PBXFileReference; lastKnownFileType = wrapper.xcframework; name = path_provider.xcframework; path = ios_output/Release/path_provider.xcframework; sourceTree = "<group>"; };
		4880EA86249B91FA0087B67C /* TitilliumWeb-Regular.ttf */ = {isa = PBXFileReference; lastKnownFileType = file; path = "TitilliumWeb-Regular.ttf"; sourceTree = "<group>"; };
		4880EA87249B91FA0087B67C /* TitilliumWeb-BoldItalic.ttf */ = {isa = PBXFileReference; lastKnownFileType = file; path = "TitilliumWeb-BoldItalic.ttf"; sourceTree = "<group>"; };
		4880EA88249B91FA0087B67C /* OFL.txt */ = {isa = PBXFileReference; fileEncoding = 4; lastKnownFileType = text; path = OFL.txt; sourceTree = "<group>"; };
		4880EA89249B91FA0087B67C /* TitilliumWeb-LightItalic.ttf */ = {isa = PBXFileReference; lastKnownFileType = file; path = "TitilliumWeb-LightItalic.ttf"; sourceTree = "<group>"; };
		4880EA8A249B91FA0087B67C /* TitilliumWeb-ExtraLightItalic.ttf */ = {isa = PBXFileReference; lastKnownFileType = file; path = "TitilliumWeb-ExtraLightItalic.ttf"; sourceTree = "<group>"; };
		4880EA8B249B91FA0087B67C /* TitilliumWeb-ExtraLight.ttf */ = {isa = PBXFileReference; lastKnownFileType = file; path = "TitilliumWeb-ExtraLight.ttf"; sourceTree = "<group>"; };
		4880EA8C249B91FA0087B67C /* TitilliumWeb-Italic.ttf */ = {isa = PBXFileReference; lastKnownFileType = file; path = "TitilliumWeb-Italic.ttf"; sourceTree = "<group>"; };
		4880EA8D249B91FA0087B67C /* TitilliumWeb-SemiBold.ttf */ = {isa = PBXFileReference; lastKnownFileType = file; path = "TitilliumWeb-SemiBold.ttf"; sourceTree = "<group>"; };
		4880EA8E249B91FA0087B67C /* TitilliumWeb-Black.ttf */ = {isa = PBXFileReference; lastKnownFileType = file; path = "TitilliumWeb-Black.ttf"; sourceTree = "<group>"; };
		4880EA8F249B91FA0087B67C /* TitilliumWeb-Light.ttf */ = {isa = PBXFileReference; lastKnownFileType = file; path = "TitilliumWeb-Light.ttf"; sourceTree = "<group>"; };
		4880EA90249B91FA0087B67C /* TitilliumWeb-SemiBoldItalic.ttf */ = {isa = PBXFileReference; lastKnownFileType = file; path = "TitilliumWeb-SemiBoldItalic.ttf"; sourceTree = "<group>"; };
		4880EA91249B91FA0087B67C /* TitilliumWeb-Bold.ttf */ = {isa = PBXFileReference; lastKnownFileType = file; path = "TitilliumWeb-Bold.ttf"; sourceTree = "<group>"; };
		4880EA9E249B96BF0087B67C /* WelcomeViewController.swift */ = {isa = PBXFileReference; lastKnownFileType = sourcecode.swift; path = WelcomeViewController.swift; sourceTree = "<group>"; };
		4880EAA2249BA51B0087B67C /* MapViewController.swift */ = {isa = PBXFileReference; lastKnownFileType = sourcecode.swift; path = MapViewController.swift; sourceTree = "<group>"; };
		48C0A304250F80AF00062480 /* BleScanner.framework */ = {isa = PBXFileReference; lastKnownFileType = wrapper.framework; name = BleScanner.framework; path = "Nextome Indoor Positioning/PhoenixSdk.framework/Frameworks/BleScanner.framework"; sourceTree = "<group>"; };
		48C0A305250F80AF00062480 /* nextomesdklib.framework */ = {isa = PBXFileReference; lastKnownFileType = wrapper.framework; name = nextomesdklib.framework; path = "Nextome Indoor Positioning/PhoenixSdk.framework/Frameworks/nextomesdklib.framework"; sourceTree = "<group>"; };
		48C5478B25AE652800672621 /* SettingsViewController.swift */ = {isa = PBXFileReference; fileEncoding = 4; lastKnownFileType = sourcecode.swift; path = SettingsViewController.swift; sourceTree = "<group>"; };
		48D8C2E1249A3B5900C39BE1 /* Nextome Indoor Positioning.app */ = {isa = PBXFileReference; explicitFileType = wrapper.application; includeInIndex = 0; path = "Nextome Indoor Positioning.app"; sourceTree = BUILT_PRODUCTS_DIR; };
		48D8C2E4249A3B5900C39BE1 /* AppDelegate.swift */ = {isa = PBXFileReference; lastKnownFileType = sourcecode.swift; path = AppDelegate.swift; sourceTree = "<group>"; };
		48D8C2E6249A3B5900C39BE1 /* SceneDelegate.swift */ = {isa = PBXFileReference; lastKnownFileType = sourcecode.swift; path = SceneDelegate.swift; sourceTree = "<group>"; };
		48D8C2EB249A3B5A00C39BE1 /* Base */ = {isa = PBXFileReference; lastKnownFileType = file.storyboard; name = Base; path = Base.lproj/Main.storyboard; sourceTree = "<group>"; };
		48D8C2ED249A3B5B00C39BE1 /* Assets.xcassets */ = {isa = PBXFileReference; lastKnownFileType = folder.assetcatalog; path = Assets.xcassets; sourceTree = "<group>"; };
		48D8C2F0249A3B5B00C39BE1 /* Base */ = {isa = PBXFileReference; lastKnownFileType = file.storyboard; name = Base; path = Base.lproj/LaunchScreen.storyboard; sourceTree = "<group>"; };
		48D8C2F2249A3B5B00C39BE1 /* Info.plist */ = {isa = PBXFileReference; lastKnownFileType = text.plist.xml; path = Info.plist; sourceTree = "<group>"; };
/* End PBXFileReference section */

/* Begin PBXFrameworksBuildPhase section */
		48D8C2DE249A3B5900C39BE1 /* Frameworks */ = {
			isa = PBXFrameworksBuildPhase;
			buildActionMask = 2147483647;
			files = (
				487B5EEE25E5C82F00B42828 /* App.xcframework in Frameworks */,
				487B5EE825E5C82D00B42828 /* FlutterPluginRegistrant.xcframework in Frameworks */,
				487B5EF625E5C83500B42828 /* sqflite.xcframework in Frameworks */,
				487B5EF025E5C83100B42828 /* Flutter.xcframework in Frameworks */,
				487B5EF425E5C83400B42828 /* path_provider.xcframework in Frameworks */,
				487B5EF225E5C83300B42828 /* FMDB.xcframework in Frameworks */,
			);
			runOnlyForDeploymentPostprocessing = 0;
		};
/* End PBXFrameworksBuildPhase section */

/* Begin PBXGroup section */
		4880EA84249B91CD0087B67C /* Resource */ = {
			isa = PBXGroup;
			children = (
				4880EA85249B91F00087B67C /* font */,
			);
			path = Resource;
			sourceTree = "<group>";
		};
		4880EA85249B91F00087B67C /* font */ = {
			isa = PBXGroup;
			children = (
				4880EA88249B91FA0087B67C /* OFL.txt */,
				4880EA8E249B91FA0087B67C /* TitilliumWeb-Black.ttf */,
				4880EA91249B91FA0087B67C /* TitilliumWeb-Bold.ttf */,
				4880EA87249B91FA0087B67C /* TitilliumWeb-BoldItalic.ttf */,
				4880EA8B249B91FA0087B67C /* TitilliumWeb-ExtraLight.ttf */,
				4880EA8A249B91FA0087B67C /* TitilliumWeb-ExtraLightItalic.ttf */,
				4880EA8C249B91FA0087B67C /* TitilliumWeb-Italic.ttf */,
				4880EA8F249B91FA0087B67C /* TitilliumWeb-Light.ttf */,
				4880EA89249B91FA0087B67C /* TitilliumWeb-LightItalic.ttf */,
				4880EA86249B91FA0087B67C /* TitilliumWeb-Regular.ttf */,
				4880EA8D249B91FA0087B67C /* TitilliumWeb-SemiBold.ttf */,
				4880EA90249B91FA0087B67C /* TitilliumWeb-SemiBoldItalic.ttf */,
			);
			path = font;
			sourceTree = "<group>";
		};
		48D8C2D8249A3B5900C39BE1 = {
			isa = PBXGroup;
			children = (
				487B5EE625E5C82C00B42828 /* App.xcframework */,
				487B5EE325E5C82C00B42828 /* Flutter.xcframework */,
				487B5EE225E5C82C00B42828 /* FlutterPluginRegistrant.xcframework */,
				487B5EE425E5C82C00B42828 /* FMDB.xcframework */,
				487B5EE725E5C82D00B42828 /* path_provider.xcframework */,
				487B5EE525E5C82C00B42828 /* sqflite.xcframework */,
				48D8C2E3249A3B5900C39BE1 /* Nextome Indoor Positioning */,
				48D8C2E2249A3B5900C39BE1 /* Products */,
				D68DA57A520F2BE6DD6133BA /* Pods */,
				563F026A79868EED3D169282 /* Frameworks */,
			);
			sourceTree = "<group>";
		};
		48D8C2E2249A3B5900C39BE1 /* Products */ = {
			isa = PBXGroup;
			children = (
				48D8C2E1249A3B5900C39BE1 /* Nextome Indoor Positioning.app */,
			);
			name = Products;
			sourceTree = "<group>";
		};
		48D8C2E3249A3B5900C39BE1 /* Nextome Indoor Positioning */ = {
			isa = PBXGroup;
			children = (
				4880EA84249B91CD0087B67C /* Resource */,
				48D8C2FA249A3CFF00C39BE1 /* Delegate */,
				48D8C2F9249A3CF100C39BE1 /* Controllers */,
				48D8C2F8249A3CD900C39BE1 /* Storyboard */,
				48D8C2F2249A3B5B00C39BE1 /* Info.plist */,
				48524FF5249E321300356DE8 /* Nextome.plist */,
				48D8C2ED249A3B5B00C39BE1 /* Assets.xcassets */,
			);
			path = "Nextome Indoor Positioning";
			sourceTree = "<group>";
		};
		48D8C2F8249A3CD900C39BE1 /* Storyboard */ = {
			isa = PBXGroup;
			children = (
				48D8C2EA249A3B5A00C39BE1 /* Main.storyboard */,
				48D8C2EF249A3B5B00C39BE1 /* LaunchScreen.storyboard */,
			);
			path = Storyboard;
			sourceTree = "<group>";
		};
		48D8C2F9249A3CF100C39BE1 /* Controllers */ = {
			isa = PBXGroup;
			children = (
				48C5478B25AE652800672621 /* SettingsViewController.swift */,
				4880EA9E249B96BF0087B67C /* WelcomeViewController.swift */,
				4880EAA2249BA51B0087B67C /* MapViewController.swift */,
			);
			path = Controllers;
			sourceTree = "<group>";
		};
		48D8C2FA249A3CFF00C39BE1 /* Delegate */ = {
			isa = PBXGroup;
			children = (
				48D8C2E4249A3B5900C39BE1 /* AppDelegate.swift */,
				48D8C2E6249A3B5900C39BE1 /* SceneDelegate.swift */,
			);
			path = Delegate;
			sourceTree = "<group>";
		};
		563F026A79868EED3D169282 /* Frameworks */ = {
			isa = PBXGroup;
			children = (
				48C0A304250F80AF00062480 /* BleScanner.framework */,
				48C0A305250F80AF00062480 /* nextomesdklib.framework */,
			);
			name = Frameworks;
			sourceTree = "<group>";
		};
		D68DA57A520F2BE6DD6133BA /* Pods */ = {
			isa = PBXGroup;
			children = (
			);
			path = Pods;
			sourceTree = "<group>";
		};
/* End PBXGroup section */

/* Begin PBXNativeTarget section */
		48D8C2E0249A3B5900C39BE1 /* Nextome Indoor Positioning */ = {
			isa = PBXNativeTarget;
			buildConfigurationList = 48D8C2F5249A3B5B00C39BE1 /* Build configuration list for PBXNativeTarget "Nextome Indoor Positioning" */;
			buildPhases = (
				48D8C2DD249A3B5900C39BE1 /* Sources */,
				48D8C2DE249A3B5900C39BE1 /* Frameworks */,
				48D8C2DF249A3B5900C39BE1 /* Resources */,
				48835AB225C4D5FD0008FA8C /* ShellScript */,
				48C985A625C8B13800472192 /* Embed Frameworks */,
			);
			buildRules = (
			);
			dependencies = (
			);
			name = "Nextome Indoor Positioning";
			productName = "Nextome Indoor Positioning";
			productReference = 48D8C2E1249A3B5900C39BE1 /* Nextome Indoor Positioning.app */;
			productType = "com.apple.product-type.application";
		};
/* End PBXNativeTarget section */

/* Begin PBXProject section */
		48D8C2D9249A3B5900C39BE1 /* Project object */ = {
			isa = PBXProject;
			attributes = {
				LastSwiftUpdateCheck = 1150;
				LastUpgradeCheck = 1150;
				ORGANIZATIONNAME = Nextome;
				TargetAttributes = {
					48D8C2E0249A3B5900C39BE1 = {
						CreatedOnToolsVersion = 11.5;
						LastSwiftMigration = 1230;
					};
				};
			};
			buildConfigurationList = 48D8C2DC249A3B5900C39BE1 /* Build configuration list for PBXProject "Nextome Indoor Positioning" */;
			compatibilityVersion = "Xcode 9.3";
			developmentRegion = en;
			hasScannedForEncodings = 0;
			knownRegions = (
				en,
				Base,
			);
			mainGroup = 48D8C2D8249A3B5900C39BE1;
			productRefGroup = 48D8C2E2249A3B5900C39BE1 /* Products */;
			projectDirPath = "";
			projectRoot = "";
			targets = (
				48D8C2E0249A3B5900C39BE1 /* Nextome Indoor Positioning */,
			);
		};
/* End PBXProject section */

/* Begin PBXResourcesBuildPhase section */
		48D8C2DF249A3B5900C39BE1 /* Resources */ = {
			isa = PBXResourcesBuildPhase;
			buildActionMask = 2147483647;
			files = (
				4880EA9D249B91FA0087B67C /* TitilliumWeb-Bold.ttf in Resources */,
				4880EA9C249B91FA0087B67C /* TitilliumWeb-SemiBoldItalic.ttf in Resources */,
				4880EA94249B91FA0087B67C /* OFL.txt in Resources */,
				4880EA97249B91FA0087B67C /* TitilliumWeb-ExtraLight.ttf in Resources */,
				48D8C2F1249A3B5B00C39BE1 /* LaunchScreen.storyboard in Resources */,
				4880EA98249B91FA0087B67C /* TitilliumWeb-Italic.ttf in Resources */,
				4880EA95249B91FA0087B67C /* TitilliumWeb-LightItalic.ttf in Resources */,
				48524FF6249E321300356DE8 /* Nextome.plist in Resources */,
				48D8C2EE249A3B5B00C39BE1 /* Assets.xcassets in Resources */,
				4880EA93249B91FA0087B67C /* TitilliumWeb-BoldItalic.ttf in Resources */,
				4880EA96249B91FA0087B67C /* TitilliumWeb-ExtraLightItalic.ttf in Resources */,
				4880EA92249B91FA0087B67C /* TitilliumWeb-Regular.ttf in Resources */,
				4880EA9B249B91FA0087B67C /* TitilliumWeb-Light.ttf in Resources */,
				48D8C2EC249A3B5A00C39BE1 /* Main.storyboard in Resources */,
				4880EA99249B91FA0087B67C /* TitilliumWeb-SemiBold.ttf in Resources */,
				4880EA9A249B91FA0087B67C /* TitilliumWeb-Black.ttf in Resources */,
			);
			runOnlyForDeploymentPostprocessing = 0;
		};
/* End PBXResourcesBuildPhase section */

/* Begin PBXShellScriptBuildPhase section */
		48835AB225C4D5FD0008FA8C /* ShellScript */ = {
			isa = PBXShellScriptBuildPhase;
			buildActionMask = 2147483647;
			files = (
			);
			inputFileListPaths = (
			);
			inputPaths = (
			);
			outputFileListPaths = (
			);
			outputPaths = (
			);
			runOnlyForDeploymentPostprocessing = 0;
			shellPath = /bin/sh;
			shellScript = "# Type a script or drag a script file from your workspace to insert its path.\n APP_PATH=\"${TARGET_BUILD_DIR}/${WRAPPER_NAME}\"\n\nfind \"$APP_PATH\" -name '*.framework' -type d | while read -r FRAMEWORK\ndo\nFRAMEWORK_EXECUTABLE_NAME=$(defaults read \"$FRAMEWORK/Info.plist\" CFBundleExecutable)\nFRAMEWORK_EXECUTABLE_PATH=\"$FRAMEWORK/$FRAMEWORK_EXECUTABLE_NAME\"\necho \"Executable is $FRAMEWORK_EXECUTABLE_PATH\"\necho $(lipo -info \"$FRAMEWORK_EXECUTABLE_PATH\")\n\nFRAMEWORK_TMP_PATH=\"$FRAMEWORK_EXECUTABLE_PATH-tmp\"\n\ncase \"${TARGET_BUILD_DIR}\" in\n*\"iphonesimulator\")\n    echo \"No need to remove archs\"\n    ;;\n*)\n    if $(lipo \"$FRAMEWORK_EXECUTABLE_PATH\" -verify_arch \"i386\") ; then\n    lipo -output \"$FRAMEWORK_TMP_PATH\" -remove \"i386\" \"$FRAMEWORK_EXECUTABLE_PATH\"\n    echo \"i386 architecture removed\"\n    rm \"$FRAMEWORK_EXECUTABLE_PATH\"\n    mv \"$FRAMEWORK_TMP_PATH\" \"$FRAMEWORK_EXECUTABLE_PATH\"\n    fi\n    if $(lipo \"$FRAMEWORK_EXECUTABLE_PATH\" -verify_arch \"x86_64\") ; then\n    lipo -output \"$FRAMEWORK_TMP_PATH\" -remove \"x86_64\" \"$FRAMEWORK_EXECUTABLE_PATH\"\n    echo \"x86_64 architecture removed\"\n    rm \"$FRAMEWORK_EXECUTABLE_PATH\"\n    mv \"$FRAMEWORK_TMP_PATH\" \"$FRAMEWORK_EXECUTABLE_PATH\"\n    fi\n    ;;\nesac\n\necho \"Completed for executable $FRAMEWORK_EXECUTABLE_PATH\"\necho $(lipo -info \"$FRAMEWORK_EXECUTABLE_PATH\")\n\ndone\n";
		};
/* End PBXShellScriptBuildPhase section */

/* Begin PBXSourcesBuildPhase section */
		48D8C2DD249A3B5900C39BE1 /* Sources */ = {
			isa = PBXSourcesBuildPhase;
			buildActionMask = 2147483647;
			files = (
				4880EA9F249B96BF0087B67C /* WelcomeViewController.swift in Sources */,
				48D8C2E5249A3B5900C39BE1 /* AppDelegate.swift in Sources */,
				48D8C2E7249A3B5900C39BE1 /* SceneDelegate.swift in Sources */,
				48C5478C25AE652800672621 /* SettingsViewController.swift in Sources */,
				4880EAA3249BA51B0087B67C /* MapViewController.swift in Sources */,
			);
			runOnlyForDeploymentPostprocessing = 0;
		};
/* End PBXSourcesBuildPhase section */

/* Begin PBXVariantGroup section */
		48D8C2EA249A3B5A00C39BE1 /* Main.storyboard */ = {
			isa = PBXVariantGroup;
			children = (
				48D8C2EB249A3B5A00C39BE1 /* Base */,
			);
			name = Main.storyboard;
			sourceTree = "<group>";
		};
		48D8C2EF249A3B5B00C39BE1 /* LaunchScreen.storyboard */ = {
			isa = PBXVariantGroup;
			children = (
				48D8C2F0249A3B5B00C39BE1 /* Base */,
			);
			name = LaunchScreen.storyboard;
			sourceTree = "<group>";
		};
/* End PBXVariantGroup section */

/* Begin XCBuildConfiguration section */
		48D8C2F3249A3B5B00C39BE1 /* Debug */ = {
			isa = XCBuildConfiguration;
			buildSettings = {
				ALWAYS_SEARCH_USER_PATHS = NO;
				CLANG_ANALYZER_NONNULL = YES;
				CLANG_ANALYZER_NUMBER_OBJECT_CONVERSION = YES_AGGRESSIVE;
				CLANG_CXX_LANGUAGE_STANDARD = "gnu++14";
				CLANG_CXX_LIBRARY = "libc++";
				CLANG_ENABLE_MODULES = YES;
				CLANG_ENABLE_OBJC_ARC = YES;
				CLANG_ENABLE_OBJC_WEAK = YES;
				CLANG_WARN_BLOCK_CAPTURE_AUTORELEASING = YES;
				CLANG_WARN_BOOL_CONVERSION = YES;
				CLANG_WARN_COMMA = YES;
				CLANG_WARN_CONSTANT_CONVERSION = YES;
				CLANG_WARN_DEPRECATED_OBJC_IMPLEMENTATIONS = YES;
				CLANG_WARN_DIRECT_OBJC_ISA_USAGE = YES_ERROR;
				CLANG_WARN_DOCUMENTATION_COMMENTS = YES;
				CLANG_WARN_EMPTY_BODY = YES;
				CLANG_WARN_ENUM_CONVERSION = YES;
				CLANG_WARN_INFINITE_RECURSION = YES;
				CLANG_WARN_INT_CONVERSION = YES;
				CLANG_WARN_NON_LITERAL_NULL_CONVERSION = YES;
				CLANG_WARN_OBJC_IMPLICIT_RETAIN_SELF = YES;
				CLANG_WARN_OBJC_LITERAL_CONVERSION = YES;
				CLANG_WARN_OBJC_ROOT_CLASS = YES_ERROR;
				CLANG_WARN_RANGE_LOOP_ANALYSIS = YES;
				CLANG_WARN_STRICT_PROTOTYPES = YES;
				CLANG_WARN_SUSPICIOUS_MOVE = YES;
				CLANG_WARN_UNGUARDED_AVAILABILITY = YES_AGGRESSIVE;
				CLANG_WARN_UNREACHABLE_CODE = YES;
				CLANG_WARN__DUPLICATE_METHOD_MATCH = YES;
				COPY_PHASE_STRIP = NO;
				DEBUG_INFORMATION_FORMAT = dwarf;
				ENABLE_STRICT_OBJC_MSGSEND = YES;
				ENABLE_TESTABILITY = YES;
				GCC_C_LANGUAGE_STANDARD = gnu11;
				GCC_DYNAMIC_NO_PIC = NO;
				GCC_NO_COMMON_BLOCKS = YES;
				GCC_OPTIMIZATION_LEVEL = 0;
				GCC_PREPROCESSOR_DEFINITIONS = (
					"DEBUG=1",
					"$(inherited)",
				);
				GCC_WARN_64_TO_32_BIT_CONVERSION = YES;
				GCC_WARN_ABOUT_RETURN_TYPE = YES_ERROR;
				GCC_WARN_UNDECLARED_SELECTOR = YES;
				GCC_WARN_UNINITIALIZED_AUTOS = YES_AGGRESSIVE;
				GCC_WARN_UNUSED_FUNCTION = YES;
				GCC_WARN_UNUSED_VARIABLE = YES;
				IPHONEOS_DEPLOYMENT_TARGET = 13.2;
				MTL_ENABLE_DEBUG_INFO = INCLUDE_SOURCE;
				MTL_FAST_MATH = YES;
				ONLY_ACTIVE_ARCH = YES;
				SDKROOT = iphoneos;
				SWIFT_ACTIVE_COMPILATION_CONDITIONS = DEBUG;
				SWIFT_OPTIMIZATION_LEVEL = "-Onone";
			};
			name = Debug;
		};
		48D8C2F4249A3B5B00C39BE1 /* Release */ = {
			isa = XCBuildConfiguration;
			buildSettings = {
				ALWAYS_SEARCH_USER_PATHS = NO;
				CLANG_ANALYZER_NONNULL = YES;
				CLANG_ANALYZER_NUMBER_OBJECT_CONVERSION = YES_AGGRESSIVE;
				CLANG_CXX_LANGUAGE_STANDARD = "gnu++14";
				CLANG_CXX_LIBRARY = "libc++";
				CLANG_ENABLE_MODULES = YES;
				CLANG_ENABLE_OBJC_ARC = YES;
				CLANG_ENABLE_OBJC_WEAK = YES;
				CLANG_WARN_BLOCK_CAPTURE_AUTORELEASING = YES;
				CLANG_WARN_BOOL_CONVERSION = YES;
				CLANG_WARN_COMMA = YES;
				CLANG_WARN_CONSTANT_CONVERSION = YES;
				CLANG_WARN_DEPRECATED_OBJC_IMPLEMENTATIONS = YES;
				CLANG_WARN_DIRECT_OBJC_ISA_USAGE = YES_ERROR;
				CLANG_WARN_DOCUMENTATION_COMMENTS = YES;
				CLANG_WARN_EMPTY_BODY = YES;
				CLANG_WARN_ENUM_CONVERSION = YES;
				CLANG_WARN_INFINITE_RECURSION = YES;
				CLANG_WARN_INT_CONVERSION = YES;
				CLANG_WARN_NON_LITERAL_NULL_CONVERSION = YES;
				CLANG_WARN_OBJC_IMPLICIT_RETAIN_SELF = YES;
				CLANG_WARN_OBJC_LITERAL_CONVERSION = YES;
				CLANG_WARN_OBJC_ROOT_CLASS = YES_ERROR;
				CLANG_WARN_RANGE_LOOP_ANALYSIS = YES;
				CLANG_WARN_STRICT_PROTOTYPES = YES;
				CLANG_WARN_SUSPICIOUS_MOVE = YES;
				CLANG_WARN_UNGUARDED_AVAILABILITY = YES_AGGRESSIVE;
				CLANG_WARN_UNREACHABLE_CODE = YES;
				CLANG_WARN__DUPLICATE_METHOD_MATCH = YES;
				COPY_PHASE_STRIP = NO;
				DEBUG_INFORMATION_FORMAT = "dwarf-with-dsym";
				ENABLE_NS_ASSERTIONS = NO;
				ENABLE_STRICT_OBJC_MSGSEND = YES;
				GCC_C_LANGUAGE_STANDARD = gnu11;
				GCC_NO_COMMON_BLOCKS = YES;
				GCC_WARN_64_TO_32_BIT_CONVERSION = YES;
				GCC_WARN_ABOUT_RETURN_TYPE = YES_ERROR;
				GCC_WARN_UNDECLARED_SELECTOR = YES;
				GCC_WARN_UNINITIALIZED_AUTOS = YES_AGGRESSIVE;
				GCC_WARN_UNUSED_FUNCTION = YES;
				GCC_WARN_UNUSED_VARIABLE = YES;
				IPHONEOS_DEPLOYMENT_TARGET = 13.2;
				MTL_ENABLE_DEBUG_INFO = NO;
				MTL_FAST_MATH = YES;
				SDKROOT = iphoneos;
				SWIFT_COMPILATION_MODE = wholemodule;
				SWIFT_OPTIMIZATION_LEVEL = "-O";
				VALIDATE_PRODUCT = YES;
			};
			name = Release;
		};
		48D8C2F6249A3B5B00C39BE1 /* Debug */ = {
			isa = XCBuildConfiguration;
			buildSettings = {
				ASSETCATALOG_COMPILER_APPICON_NAME = AppIcon;
				CLANG_ENABLE_MODULES = YES;
				CODE_SIGN_STYLE = Automatic;
				CURRENT_PROJECT_VERSION = 1;
				DEBUG_INFORMATION_FORMAT = "dwarf-with-dsym";
				DEVELOPMENT_TEAM = KXDXPEYCU8;
				ENABLE_BITCODE = NO;
				FRAMEWORK_SEARCH_PATHS = (
					"$(inherited)",
					"$(PROJECT_DIR)",
					"$(PROJECT_DIR)/ios_output/Release",
				);
				INFOPLIST_FILE = "Nextome Indoor Positioning/Info.plist";
				IPHONEOS_DEPLOYMENT_TARGET = 13.2;
				LD_RUNPATH_SEARCH_PATHS = (
					"$(inherited)",
					"@executable_path/Frameworks",
				);
				MARKETING_VERSION = 2.0.5;
				PRODUCT_BUNDLE_IDENTIFIER = com.nextome.demoapp;
				PRODUCT_NAME = "$(TARGET_NAME)";
				SWIFT_INCLUDE_PATHS = "";
				SWIFT_OPTIMIZATION_LEVEL = "-Onone";
				SWIFT_VERSION = 5.0;
				TARGETED_DEVICE_FAMILY = 1;
				VALIDATE_WORKSPACE = YES;
			};
			name = Debug;
		};
		48D8C2F7249A3B5B00C39BE1 /* Release */ = {
			isa = XCBuildConfiguration;
			buildSettings = {
				ASSETCATALOG_COMPILER_APPICON_NAME = AppIcon;
				CLANG_ENABLE_MODULES = YES;
				CODE_SIGN_STYLE = Automatic;
				CURRENT_PROJECT_VERSION = 1;
				DEBUG_INFORMATION_FORMAT = "dwarf-with-dsym";
				DEVELOPMENT_TEAM = KXDXPEYCU8;
				ENABLE_BITCODE = NO;
				FRAMEWORK_SEARCH_PATHS = (
					"$(inherited)",
					"$(PROJECT_DIR)",
					"$(PROJECT_DIR)/ios_output/Release",
				);
				INFOPLIST_FILE = "Nextome Indoor Positioning/Info.plist";
				IPHONEOS_DEPLOYMENT_TARGET = 13.2;
				LD_RUNPATH_SEARCH_PATHS = (
					"$(inherited)",
					"@executable_path/Frameworks",
				);
				MARKETING_VERSION = 2.0.5;
				PRODUCT_BUNDLE_IDENTIFIER = com.nextome.demoapp;
				PRODUCT_NAME = "$(TARGET_NAME)";
				SWIFT_INCLUDE_PATHS = "";
				SWIFT_VERSION = 5.0;
				TARGETED_DEVICE_FAMILY = 1;
				VALIDATE_WORKSPACE = YES;
			};
			name = Release;
		};
/* End XCBuildConfiguration section */

/* Begin XCConfigurationList section */
		48D8C2DC249A3B5900C39BE1 /* Build configuration list for PBXProject "Nextome Indoor Positioning" */ = {
			isa = XCConfigurationList;
			buildConfigurations = (
				48D8C2F3249A3B5B00C39BE1 /* Debug */,
				48D8C2F4249A3B5B00C39BE1 /* Release */,
			);
			defaultConfigurationIsVisible = 0;
			defaultConfigurationName = Release;
		};
		48D8C2F5249A3B5B00C39BE1 /* Build configuration list for PBXNativeTarget "Nextome Indoor Positioning" */ = {
			isa = XCConfigurationList;
			buildConfigurations = (
				48D8C2F6249A3B5B00C39BE1 /* Debug */,
				48D8C2F7249A3B5B00C39BE1 /* Release */,
			);
			defaultConfigurationIsVisible = 0;
			defaultConfigurationName = Release;
		};
/* End XCConfigurationList section */
	};
	rootObject = 48D8C2D9249A3B5900C39BE1 /* Project object */;
}
